{
  "nodes": {
    "disko": {
      "inputs": {
        "nixpkgs": [
          "nixpkgs"
        ]
      },
      "locked": {
        "lastModified": 1763651264,
        "narHash": "sha256-8vvwZbw0s7YvBMJeyPVpWke6lg6ROgtts5N2/SMCcv4=",
        "owner": "nix-community",
        "repo": "disko",
        "rev": "e86a89079587497174ccab6d0d142a65811a4fd9",
        "type": "github"
      },
      "original": {
        "owner": "nix-community",
        "repo": "disko",
        "type": "github"
      }
    },
    "naersk": {
      "flake": false,
      "locked": {
        "lastModified": 1763384566,
        "narHash": "sha256-r+wgI+WvNaSdxQmqaM58lVNvJYJ16zoq+tKN20cLst4=",
        "owner": "nix-community",
        "repo": "naersk",
        "rev": "d4155d6ebb70fbe2314959842f744aa7cabbbf6a",
        "type": "github"
      },
      "original": {
        "owner": "nix-community",
        "ref": "master",
        "repo": "naersk",
        "type": "github"
      }
    },
    "nixpkgs": {
      "locked": {
        "lastModified": 1763622513,
        "narHash": "sha256-1jQnuyu82FpiSxowrF/iFK6Toh9BYprfDqfs4BB+19M=",
        "owner": "nixos",
        "repo": "nixpkgs",
        "rev": "c58bc7f5459328e4afac201c5c4feb7c818d604b",
        "type": "github"
      },
      "original": {
        "owner": "nixos",
        "ref": "nixos-25.05",
        "repo": "nixpkgs",
        "type": "github"
      }
    },
    "root": {
      "inputs": {
        "disko": "disko",
        "naersk": "naersk",
        "nixpkgs": "nixpkgs",
        "schwab-auto-trader": "schwab-auto-trader"
      }
    },
    "schwab-auto-trader": {
      "flake": false,
      "locked": {
        "lastModified": 1763325431,
        "narHash": "sha256-vF+VB38QJbpRqelX7TmhPmVA6DbHNG6psBivApzeOsY=",
        "owner": "dcjohnson",
        "repo": "schwab-auto-trader",
        "rev": "f3db610a4503c2c413eefb1b15335870ffa05a45",
        "type": "github"
      },
      "original": {
        "owner": "dcjohnson",
        "ref": "main",
        "repo": "schwab-auto-trader",
        "type": "github"
      }
    }
  },
  "root": "root",
  "version": 7
}
