{
  "nodes": {
    "disko": {
      "inputs": {
        "nixpkgs": [
          "nixpkgs"
        ]
      },
      "locked": {
        "lastModified": 1765326679,
        "narHash": "sha256-fTLX9kDwLr9Y0rH/nG+h1XG5UU+jBcy0PFYn5eneRX8=",
        "owner": "nix-community",
        "repo": "disko",
        "rev": "d64e5cdca35b5fad7c504f615357a7afe6d9c49e",
        "type": "github"
      },
      "original": {
        "owner": "nix-community",
        "repo": "disko",
        "type": "github"
      }
    },
    "home-manager": {
      "inputs": {
        "nixpkgs": [
          "nixpkgs"
        ]
      },
      "locked": {
        "lastModified": 1765605144,
        "narHash": "sha256-RM2xs+1HdHxesjOelxoA3eSvXShC8pmBvtyTke4Ango=",
        "owner": "nix-community",
        "repo": "home-manager",
        "rev": "90b62096f099b73043a747348c11dbfcfbdea949",
        "type": "github"
      },
      "original": {
        "owner": "nix-community",
        "ref": "release-25.11",
        "repo": "home-manager",
        "type": "github"
      }
    },
    "naersk": {
      "flake": false,
      "locked": {
        "lastModified": 1763384566,
        "narHash": "sha256-r+wgI+WvNaSdxQmqaM58lVNvJYJ16zoq+tKN20cLst4=",
        "owner": "nix-community",
        "repo": "naersk",
        "rev": "d4155d6ebb70fbe2314959842f744aa7cabbbf6a",
        "type": "github"
      },
      "original": {
        "owner": "nix-community",
        "ref": "master",
        "repo": "naersk",
        "type": "github"
      }
    },
    "nixpkgs": {
      "locked": {
        "lastModified": 1765311797,
        "narHash": "sha256-mSD5Ob7a+T2RNjvPvOA1dkJHGVrNVl8ZOrAwBjKBDQo=",
        "owner": "nixos",
        "repo": "nixpkgs",
        "rev": "09eb77e94fa25202af8f3e81ddc7353d9970ac1b",
        "type": "github"
      },
      "original": {
        "owner": "nixos",
        "ref": "nixos-25.11",
        "repo": "nixpkgs",
        "type": "github"
      }
    },
    "root": {
      "inputs": {
        "disko": "disko",
        "home-manager": "home-manager",
        "naersk": "naersk",
        "nixpkgs": "nixpkgs",
        "schwab-auto-trader": "schwab-auto-trader"
      }
    },
    "schwab-auto-trader": {
      "flake": false,
      "locked": {
        "lastModified": 1764398695,
        "narHash": "sha256-OVBz8CdA+m06lvnv8A1v+Ray+T7y/9Lhk4/YcdlPZUI=",
        "owner": "dcjohnson",
        "repo": "schwab-auto-trader",
        "rev": "e25777806f0f4ff81b08e6ffb638166e6bce8f5d",
        "type": "github"
      },
      "original": {
        "owner": "dcjohnson",
        "ref": "main",
        "repo": "schwab-auto-trader",
        "type": "github"
      }
    }
  },
  "root": "root",
  "version": 7
}
