{
  "nodes": {
    "disko": {
      "inputs": {
        "nixpkgs": [
          "nixpkgs"
        ]
      },
      "locked": {
        "lastModified": 1758287904,
        "narHash": "sha256-IGmaEf3Do8o5Cwp1kXBN1wQmZwQN3NLfq5t4nHtVtcU=",
        "owner": "nix-community",
        "repo": "disko",
        "rev": "67ff9807dd148e704baadbd4fd783b54282ca627",
        "type": "github"
      },
      "original": {
        "owner": "nix-community",
        "repo": "disko",
        "type": "github"
      }
    },
    "naersk": {
      "flake": false,
      "locked": {
        "lastModified": 1752689277,
        "narHash": "sha256-uldUBFkZe/E7qbvxa3mH1ItrWZyT6w1dBKJQF/3ZSsc=",
        "owner": "nix-community",
        "repo": "naersk",
        "rev": "0e72363d0938b0208d6c646d10649164c43f4d64",
        "type": "github"
      },
      "original": {
        "owner": "nix-community",
        "ref": "master",
        "repo": "naersk",
        "type": "github"
      }
    },
    "nixpkgs": {
      "locked": {
        "lastModified": 1759439645,
        "narHash": "sha256-oiAyQaRilPk525Z5aTtTNWNzSrcdJ7IXM0/PL3CGlbI=",
        "owner": "nixos",
        "repo": "nixpkgs",
        "rev": "879bd460b3d3e8571354ce172128fbcbac1ed633",
        "type": "github"
      },
      "original": {
        "owner": "nixos",
        "ref": "nixos-25.05",
        "repo": "nixpkgs",
        "type": "github"
      }
    },
    "root": {
      "inputs": {
        "disko": "disko",
        "naersk": "naersk",
        "nixpkgs": "nixpkgs",
        "schwab-auto-trader": "schwab-auto-trader"
      }
    },
    "schwab-auto-trader": {
      "flake": false,
      "locked": {
        "lastModified": 1759157218,
        "narHash": "sha256-1nWQllwuSdbZPmPC/aJnHca0zFvkmoEudwlWht1PzKI=",
        "owner": "dcjohnson",
        "repo": "schwab-auto-trader",
        "rev": "e4d00c8c3c7a824cff6ac9fae8c17df0ad4c43d8",
        "type": "github"
      },
      "original": {
        "owner": "dcjohnson",
        "ref": "main",
        "repo": "schwab-auto-trader",
        "type": "github"
      }
    }
  },
  "root": "root",
  "version": 7
}
